
Microsoft Visual Studio Solution File, Format Version 12.00
# Visual Studio Version 17
VisualStudioVersion = 17.8.34525.116
MinimumVisualStudioVersion = 10.0.40219.1
Project("{9A19103F-16F7-4668-BE54-9A1E7A4F7556}") = "Api", "Api\Api.csproj", "{6C8A4159-D176-4907-9E4F-2721CD0AF59F}"
EndProject
Project("{2150E333-8FDC-42A3-9474-1A3956D46DE8}") = "Solution Items", "Solution Items", "{4F91E188-77A2-4318-BE5F-174144A0272F}"
	ProjectSection(SolutionItems) = preProject
		.editorconfig = .editorconfig
	EndProjectSection
EndProject
Global
	GlobalSection(SolutionConfigurationPlatforms) = preSolution
		Debug|Any CPU = Debug|Any CPU
		Release|Any CPU = Release|Any CPU
	EndGlobalSection
	GlobalSection(ProjectConfigurationPlatforms) = postSolution
		{6C8A4159-D176-4907-9E4F-2721CD0AF59F}.Debug|Any CPU.ActiveCfg = Debug|Any CPU
		{6C8A4159-D176-4907-9E4F-2721CD0AF59F}.Debug|Any CPU.Build.0 = Debug|Any CPU
		{6C8A4159-D176-4907-9E4F-2721CD0AF59F}.Release|Any CPU.ActiveCfg = Release|Any CPU
		{6C8A4159-D176-4907-9E4F-2721CD0AF59F}.Release|Any CPU.Build.0 = Release|Any CPU
	EndGlobalSection
	GlobalSection(SolutionProperties) = preSolution
		HideSolutionNode = FALSE
	EndGlobalSection
	GlobalSection(ExtensibilityGlobals) = postSolution
		SolutionGuid = {39706399-838A-4EDD-8C6E-13F4C5F45E52}
	EndGlobalSection
EndGlobal
